// !$*UTF8*$!
{
	archiveVersion = 1;
	classes = {
	};
	objectVersion = 50;
	objects = {

/* Begin PBXBuildFile section */
		4ADC5E8A2170DC7B00CA8924 /* OracaoRow.swift in Sources */ = {isa = PBXBuildFile; fileRef = 4ADC5E892170DC7B00CA8924 /* OracaoRow.swift */; };
		6E69E4AF214E891200052036 /* Oracao.swift in Sources */ = {isa = PBXBuildFile; fileRef = 6E69E4AE214E891200052036 /* Oracao.swift */; };
		6E69E4B1214E8A2400052036 /* CategoriaOracao.swift in Sources */ = {isa = PBXBuildFile; fileRef = 6E69E4B0214E8A2400052036 /* CategoriaOracao.swift */; };
		6EB020A02159A56B00AA8F27 /* MessageCell.xib in Resources */ = {isa = PBXBuildFile; fileRef = 6EB0209F2159A56B00AA8F27 /* MessageCell.xib */; };
		6EB020A22159A57900AA8F27 /* CustomMessageCell.swift in Sources */ = {isa = PBXBuildFile; fileRef = 6EB020A12159A57900AA8F27 /* CustomMessageCell.swift */; };
		6EFB50062132157300F113F7 /* AppDelegate.swift in Sources */ = {isa = PBXBuildFile; fileRef = 6EFB50052132157300F113F7 /* AppDelegate.swift */; };
		6EFB500A2132157300F113F7 /* OracoesViewController.swift in Sources */ = {isa = PBXBuildFile; fileRef = 6EFB50092132157300F113F7 /* OracoesViewController.swift */; };
		6EFB500D2132157300F113F7 /* Main.storyboard in Resources */ = {isa = PBXBuildFile; fileRef = 6EFB500B2132157300F113F7 /* Main.storyboard */; };
		6EFB500F2132157600F113F7 /* Assets.xcassets in Resources */ = {isa = PBXBuildFile; fileRef = 6EFB500E2132157600F113F7 /* Assets.xcassets */; };
		6EFB50122132157600F113F7 /* LaunchScreen.storyboard in Resources */ = {isa = PBXBuildFile; fileRef = 6EFB50102132157600F113F7 /* LaunchScreen.storyboard */; };
		6EFB501D2132157600F113F7 /* catolicoTests.swift in Sources */ = {isa = PBXBuildFile; fileRef = 6EFB501C2132157600F113F7 /* catolicoTests.swift */; };
		6EFB50282132157600F113F7 /* catolicoUITests.swift in Sources */ = {isa = PBXBuildFile; fileRef = 6EFB50272132157600F113F7 /* catolicoUITests.swift */; };
		B472DD26F84F4C7AC6A05868 /* Pods_catolico.framework in Frameworks */ = {isa = PBXBuildFile; fileRef = CF4729236E375B8E6C960065 /* Pods_catolico.framework */; };
/* End PBXBuildFile section */

/* Begin PBXContainerItemProxy section */
		6EFB50192132157600F113F7 /* PBXContainerItemProxy */ = {
			isa = PBXContainerItemProxy;
			containerPortal = 6EFB4FFA2132157200F113F7 /* Project object */;
			proxyType = 1;
			remoteGlobalIDString = 6EFB50012132157300F113F7;
			remoteInfo = catolico;
		};
		6EFB50242132157600F113F7 /* PBXContainerItemProxy */ = {
			isa = PBXContainerItemProxy;
			containerPortal = 6EFB4FFA2132157200F113F7 /* Project object */;
			proxyType = 1;
			remoteGlobalIDString = 6EFB50012132157300F113F7;
			remoteInfo = catolico;
		};
/* End PBXContainerItemProxy section */

/* Begin PBXFileReference section */
		33F78C1C85C2E19787821531 /* Pods-catolico.release.xcconfig */ = {isa = PBXFileReference; includeInIndex = 1; lastKnownFileType = text.xcconfig; name = "Pods-catolico.release.xcconfig"; path = "Pods/Target Support Files/Pods-catolico/Pods-catolico.release.xcconfig"; sourceTree = "<group>"; };
		40004CDDDA61E0F55ABF39BA /* Pods-catolico.debug.xcconfig */ = {isa = PBXFileReference; includeInIndex = 1; lastKnownFileType = text.xcconfig; name = "Pods-catolico.debug.xcconfig"; path = "Pods/Target Support Files/Pods-catolico/Pods-catolico.debug.xcconfig"; sourceTree = "<group>"; };
		4ADC5E892170DC7B00CA8924 /* OracaoRow.swift */ = {isa = PBXFileReference; lastKnownFileType = sourcecode.swift; path = OracaoRow.swift; sourceTree = "<group>"; };
		6E69E4AE214E891200052036 /* Oracao.swift */ = {isa = PBXFileReference; lastKnownFileType = sourcecode.swift; path = Oracao.swift; sourceTree = "<group>"; };
		6E69E4B0214E8A2400052036 /* CategoriaOracao.swift */ = {isa = PBXFileReference; lastKnownFileType = sourcecode.swift; path = CategoriaOracao.swift; sourceTree = "<group>"; };
		6EB0209F2159A56B00AA8F27 /* MessageCell.xib */ = {isa = PBXFileReference; fileEncoding = 4; lastKnownFileType = file.xib; path = MessageCell.xib; sourceTree = "<group>"; };
		6EB020A12159A57900AA8F27 /* CustomMessageCell.swift */ = {isa = PBXFileReference; fileEncoding = 4; lastKnownFileType = sourcecode.swift; path = CustomMessageCell.swift; sourceTree = "<group>"; };
		6EFB50022132157300F113F7 /* catolico.app */ = {isa = PBXFileReference; explicitFileType = wrapper.application; includeInIndex = 0; path = catolico.app; sourceTree = BUILT_PRODUCTS_DIR; };
		6EFB50052132157300F113F7 /* AppDelegate.swift */ = {isa = PBXFileReference; lastKnownFileType = sourcecode.swift; path = AppDelegate.swift; sourceTree = "<group>"; };
		6EFB50092132157300F113F7 /* OracoesViewController.swift */ = {isa = PBXFileReference; lastKnownFileType = sourcecode.swift; path = OracoesViewController.swift; sourceTree = "<group>"; };
		6EFB500C2132157300F113F7 /* Base */ = {isa = PBXFileReference; lastKnownFileType = file.storyboard; name = Base; path = Base.lproj/Main.storyboard; sourceTree = "<group>"; };
		6EFB500E2132157600F113F7 /* Assets.xcassets */ = {isa = PBXFileReference; lastKnownFileType = folder.assetcatalog; path = Assets.xcassets; sourceTree = "<group>"; };
		6EFB50112132157600F113F7 /* Base */ = {isa = PBXFileReference; lastKnownFileType = file.storyboard; name = Base; path = Base.lproj/LaunchScreen.storyboard; sourceTree = "<group>"; };
		6EFB50132132157600F113F7 /* Info.plist */ = {isa = PBXFileReference; lastKnownFileType = text.plist.xml; path = Info.plist; sourceTree = "<group>"; };
		6EFB50182132157600F113F7 /* catolicoTests.xctest */ = {isa = PBXFileReference; explicitFileType = wrapper.cfbundle; includeInIndex = 0; path = catolicoTests.xctest; sourceTree = BUILT_PRODUCTS_DIR; };
		6EFB501C2132157600F113F7 /* catolicoTests.swift */ = {isa = PBXFileReference; lastKnownFileType = sourcecode.swift; path = catolicoTests.swift; sourceTree = "<group>"; };
		6EFB501E2132157600F113F7 /* Info.plist */ = {isa = PBXFileReference; lastKnownFileType = text.plist.xml; path = Info.plist; sourceTree = "<group>"; };
		6EFB50232132157600F113F7 /* catolicoUITests.xctest */ = {isa = PBXFileReference; explicitFileType = wrapper.cfbundle; includeInIndex = 0; path = catolicoUITests.xctest; sourceTree = BUILT_PRODUCTS_DIR; };
		6EFB50272132157600F113F7 /* catolicoUITests.swift */ = {isa = PBXFileReference; lastKnownFileType = sourcecode.swift; path = catolicoUITests.swift; sourceTree = "<group>"; };
		6EFB50292132157600F113F7 /* Info.plist */ = {isa = PBXFileReference; lastKnownFileType = text.plist.xml; path = Info.plist; sourceTree = "<group>"; };
		CF4729236E375B8E6C960065 /* Pods_catolico.framework */ = {isa = PBXFileReference; explicitFileType = wrapper.framework; includeInIndex = 0; path = Pods_catolico.framework; sourceTree = BUILT_PRODUCTS_DIR; };
/* End PBXFileReference section */

/* Begin PBXFrameworksBuildPhase section */
		6EFB4FFF2132157300F113F7 /* Frameworks */ = {
			isa = PBXFrameworksBuildPhase;
			buildActionMask = 2147483647;
			files = (
				B472DD26F84F4C7AC6A05868 /* Pods_catolico.framework in Frameworks */,
			);
			runOnlyForDeploymentPostprocessing = 0;
		};
		6EFB50152132157600F113F7 /* Frameworks */ = {
			isa = PBXFrameworksBuildPhase;
			buildActionMask = 2147483647;
			files = (
			);
			runOnlyForDeploymentPostprocessing = 0;
		};
		6EFB50202132157600F113F7 /* Frameworks */ = {
			isa = PBXFrameworksBuildPhase;
			buildActionMask = 2147483647;
			files = (
			);
			runOnlyForDeploymentPostprocessing = 0;
		};
/* End PBXFrameworksBuildPhase section */

/* Begin PBXGroup section */
		1A1E1099BAD261F032492BEF /* Pods */ = {
			isa = PBXGroup;
			children = (
				40004CDDDA61E0F55ABF39BA /* Pods-catolico.debug.xcconfig */,
				33F78C1C85C2E19787821531 /* Pods-catolico.release.xcconfig */,
			);
			name = Pods;
			sourceTree = "<group>";
		};
		1E222AB31AE46C3B4D4F6855 /* Frameworks */ = {
			isa = PBXGroup;
			children = (
				CF4729236E375B8E6C960065 /* Pods_catolico.framework */,
			);
			name = Frameworks;
			sourceTree = "<group>";
		};
		6E08D16D215F73E2001240A4 /* OracaoRow */ = {
			isa = PBXGroup;
			children = (
				4ADC5E892170DC7B00CA8924 /* OracaoRow.swift */,
			);
			path = OracaoRow;
			sourceTree = "<group>";
		};
		6E6773AD214DBFAD002B042D /* View */ = {
			isa = PBXGroup;
			children = (
				6E08D16D215F73E2001240A4 /* OracaoRow */,
				6EB0209E2159A49500AA8F27 /* MessageView */,
				6EFB500B2132157300F113F7 /* Main.storyboard */,
				6EFB50102132157600F113F7 /* LaunchScreen.storyboard */,
			);
			path = View;
			sourceTree = "<group>";
		};
		6E69E4AB214E872D00052036 /* Protocols */ = {
			isa = PBXGroup;
			children = (
			);
			path = Protocols;
			sourceTree = "<group>";
		};
		6E7434762132F75C00A6A6BC /* Model */ = {
			isa = PBXGroup;
			children = (
				6E69E4AE214E891200052036 /* Oracao.swift */,
				6E69E4B0214E8A2400052036 /* CategoriaOracao.swift */,
			);
			path = Model;
			sourceTree = "<group>";
		};
		6E7434772132F78800A6A6BC /* ViewController */ = {
			isa = PBXGroup;
			children = (
				6EFB50092132157300F113F7 /* OracoesViewController.swift */,
			);
			path = ViewController;
			sourceTree = "<group>";
		};
		6E74347C2133062600A6A6BC /* TabBarIcons */ = {
			isa = PBXGroup;
			children = (
			);
			path = TabBarIcons;
			sourceTree = "<group>";
		};
		6EB0209E2159A49500AA8F27 /* MessageView */ = {
			isa = PBXGroup;
			children = (
				6EB020A12159A57900AA8F27 /* CustomMessageCell.swift */,
				6EB0209F2159A56B00AA8F27 /* MessageCell.xib */,
			);
			path = MessageView;
			sourceTree = "<group>";
		};
		6EFB4FF92132157200F113F7 = {
			isa = PBXGroup;
			children = (
				6EFB50042132157300F113F7 /* catolico */,
				6EFB501B2132157600F113F7 /* catolicoTests */,
				6EFB50262132157600F113F7 /* catolicoUITests */,
				6EFB50032132157300F113F7 /* Products */,
				1A1E1099BAD261F032492BEF /* Pods */,
				1E222AB31AE46C3B4D4F6855 /* Frameworks */,
			);
			sourceTree = "<group>";
		};
		6EFB50032132157300F113F7 /* Products */ = {
			isa = PBXGroup;
			children = (
				6EFB50022132157300F113F7 /* catolico.app */,
				6EFB50182132157600F113F7 /* catolicoTests.xctest */,
				6EFB50232132157600F113F7 /* catolicoUITests.xctest */,
			);
			name = Products;
			sourceTree = "<group>";
		};
		6EFB50042132157300F113F7 /* catolico */ = {
			isa = PBXGroup;
			children = (
				6E69E4AB214E872D00052036 /* Protocols */,
				6EFB50052132157300F113F7 /* AppDelegate.swift */,
				6EFB500E2132157600F113F7 /* Assets.xcassets */,
				6E7434762132F75C00A6A6BC /* Model */,
				6EFB50132132157600F113F7 /* Info.plist */,
				6E74347C2133062600A6A6BC /* TabBarIcons */,
				6E6773AD214DBFAD002B042D /* View */,
				6E7434772132F78800A6A6BC /* ViewController */,
			);
			path = catolico;
			sourceTree = "<group>";
		};
		6EFB501B2132157600F113F7 /* catolicoTests */ = {
			isa = PBXGroup;
			children = (
				6EFB501C2132157600F113F7 /* catolicoTests.swift */,
				6EFB501E2132157600F113F7 /* Info.plist */,
			);
			path = catolicoTests;
			sourceTree = "<group>";
		};
		6EFB50262132157600F113F7 /* catolicoUITests */ = {
			isa = PBXGroup;
			children = (
				6EFB50272132157600F113F7 /* catolicoUITests.swift */,
				6EFB50292132157600F113F7 /* Info.plist */,
			);
			path = catolicoUITests;
			sourceTree = "<group>";
		};
/* End PBXGroup section */

/* Begin PBXNativeTarget section */
		6EFB50012132157300F113F7 /* catolico */ = {
			isa = PBXNativeTarget;
			buildConfigurationList = 6EFB502C2132157600F113F7 /* Build configuration list for PBXNativeTarget "catolico" */;
			buildPhases = (
				4FAFCCC56D3C808DF7166263 /* [CP] Check Pods Manifest.lock */,
				6EFB4FFE2132157300F113F7 /* Sources */,
				6EFB4FFF2132157300F113F7 /* Frameworks */,
				6EFB50002132157300F113F7 /* Resources */,
				19A04D3F9A21408C114D8C77 /* [CP] Embed Pods Frameworks */,
			);
			buildRules = (
			);
			dependencies = (
			);
			name = catolico;
			productName = catolico;
			productReference = 6EFB50022132157300F113F7 /* catolico.app */;
			productType = "com.apple.product-type.application";
		};
		6EFB50172132157600F113F7 /* catolicoTests */ = {
			isa = PBXNativeTarget;
			buildConfigurationList = 6EFB502F2132157600F113F7 /* Build configuration list for PBXNativeTarget "catolicoTests" */;
			buildPhases = (
				6EFB50142132157600F113F7 /* Sources */,
				6EFB50152132157600F113F7 /* Frameworks */,
				6EFB50162132157600F113F7 /* Resources */,
			);
			buildRules = (
			);
			dependencies = (
				6EFB501A2132157600F113F7 /* PBXTargetDependency */,
			);
			name = catolicoTests;
			productName = catolicoTests;
			productReference = 6EFB50182132157600F113F7 /* catolicoTests.xctest */;
			productType = "com.apple.product-type.bundle.unit-test";
		};
		6EFB50222132157600F113F7 /* catolicoUITests */ = {
			isa = PBXNativeTarget;
			buildConfigurationList = 6EFB50322132157600F113F7 /* Build configuration list for PBXNativeTarget "catolicoUITests" */;
			buildPhases = (
				6EFB501F2132157600F113F7 /* Sources */,
				6EFB50202132157600F113F7 /* Frameworks */,
				6EFB50212132157600F113F7 /* Resources */,
			);
			buildRules = (
			);
			dependencies = (
				6EFB50252132157600F113F7 /* PBXTargetDependency */,
			);
			name = catolicoUITests;
			productName = catolicoUITests;
			productReference = 6EFB50232132157600F113F7 /* catolicoUITests.xctest */;
			productType = "com.apple.product-type.bundle.ui-testing";
		};
/* End PBXNativeTarget section */

/* Begin PBXProject section */
		6EFB4FFA2132157200F113F7 /* Project object */ = {
			isa = PBXProject;
			attributes = {
				LastSwiftUpdateCheck = 0940;
				LastUpgradeCheck = 0940;
				ORGANIZATIONNAME = "Rafael Silqueira";
				TargetAttributes = {
					6EFB50012132157300F113F7 = {
						CreatedOnToolsVersion = 9.4.1;
						LastSwiftMigration = 1000;
					};
					6EFB50172132157600F113F7 = {
						CreatedOnToolsVersion = 9.4.1;
						LastSwiftMigration = 1000;
						TestTargetID = 6EFB50012132157300F113F7;
					};
					6EFB50222132157600F113F7 = {
						CreatedOnToolsVersion = 9.4.1;
						LastSwiftMigration = 1000;
						TestTargetID = 6EFB50012132157300F113F7;
					};
				};
			};
			buildConfigurationList = 6EFB4FFD2132157200F113F7 /* Build configuration list for PBXProject "catolico" */;
			compatibilityVersion = "Xcode 9.3";
			developmentRegion = en;
			hasScannedForEncodings = 0;
			knownRegions = (
				en,
				Base,
			);
			mainGroup = 6EFB4FF92132157200F113F7;
			productRefGroup = 6EFB50032132157300F113F7 /* Products */;
			projectDirPath = "";
			projectRoot = "";
			targets = (
				6EFB50012132157300F113F7 /* catolico */,
				6EFB50172132157600F113F7 /* catolicoTests */,
				6EFB50222132157600F113F7 /* catolicoUITests */,
			);
		};
/* End PBXProject section */

/* Begin PBXResourcesBuildPhase section */
		6EFB50002132157300F113F7 /* Resources */ = {
			isa = PBXResourcesBuildPhase;
			buildActionMask = 2147483647;
			files = (
				6EFB50122132157600F113F7 /* LaunchScreen.storyboard in Resources */,
				6EB020A02159A56B00AA8F27 /* MessageCell.xib in Resources */,
				6EFB500F2132157600F113F7 /* Assets.xcassets in Resources */,
				6EFB500D2132157300F113F7 /* Main.storyboard in Resources */,
			);
			runOnlyForDeploymentPostprocessing = 0;
		};
		6EFB50162132157600F113F7 /* Resources */ = {
			isa = PBXResourcesBuildPhase;
			buildActionMask = 2147483647;
			files = (
			);
			runOnlyForDeploymentPostprocessing = 0;
		};
		6EFB50212132157600F113F7 /* Resources */ = {
			isa = PBXResourcesBuildPhase;
			buildActionMask = 2147483647;
			files = (
			);
			runOnlyForDeploymentPostprocessing = 0;
		};
/* End PBXResourcesBuildPhase section */

/* Begin PBXShellScriptBuildPhase section */
		19A04D3F9A21408C114D8C77 /* [CP] Embed Pods Frameworks */ = {
			isa = PBXShellScriptBuildPhase;
			buildActionMask = 2147483647;
			files = (
			);
			inputPaths = (
				"${SRCROOT}/Pods/Target Support Files/Pods-catolico/Pods-catolico-frameworks.sh",
				"${BUILT_PRODUCTS_DIR}/Alamofire/Alamofire.framework",
				"${BUILT_PRODUCTS_DIR}/SwiftyJSON/SwiftyJSON.framework",
			);
			name = "[CP] Embed Pods Frameworks";
			outputPaths = (
				"${TARGET_BUILD_DIR}/${FRAMEWORKS_FOLDER_PATH}/Alamofire.framework",
				"${TARGET_BUILD_DIR}/${FRAMEWORKS_FOLDER_PATH}/SwiftyJSON.framework",
			);
			runOnlyForDeploymentPostprocessing = 0;
			shellPath = /bin/sh;
			shellScript = "\"${SRCROOT}/Pods/Target Support Files/Pods-catolico/Pods-catolico-frameworks.sh\"\n";
			showEnvVarsInLog = 0;
		};
		4FAFCCC56D3C808DF7166263 /* [CP] Check Pods Manifest.lock */ = {
			isa = PBXShellScriptBuildPhase;
			buildActionMask = 2147483647;
			files = (
			);
			inputPaths = (
				"${PODS_PODFILE_DIR_PATH}/Podfile.lock",
				"${PODS_ROOT}/Manifest.lock",
			);
			name = "[CP] Check Pods Manifest.lock";
			outputPaths = (
				"$(DERIVED_FILE_DIR)/Pods-catolico-checkManifestLockResult.txt",
			);
			runOnlyForDeploymentPostprocessing = 0;
			shellPath = /bin/sh;
			shellScript = "diff \"${PODS_PODFILE_DIR_PATH}/Podfile.lock\" \"${PODS_ROOT}/Manifest.lock\" > /dev/null\nif [ $? != 0 ] ; then\n    # print error to STDERR\n    echo \"error: The sandbox is not in sync with the Podfile.lock. Run 'pod install' or update your CocoaPods installation.\" >&2\n    exit 1\nfi\n# This output is used by Xcode 'outputs' to avoid re-running this script phase.\necho \"SUCCESS\" > \"${SCRIPT_OUTPUT_FILE_0}\"\n";
			showEnvVarsInLog = 0;
		};
/* End PBXShellScriptBuildPhase section */

/* Begin PBXSourcesBuildPhase section */
		6EFB4FFE2132157300F113F7 /* Sources */ = {
			isa = PBXSourcesBuildPhase;
			buildActionMask = 2147483647;
			files = (
				6E69E4B1214E8A2400052036 /* CategoriaOracao.swift in Sources */,
				6EB020A22159A57900AA8F27 /* CustomMessageCell.swift in Sources */,
				6EFB500A2132157300F113F7 /* OracoesViewController.swift in Sources */,
				6E69E4AF214E891200052036 /* Oracao.swift in Sources */,
				6EFB50062132157300F113F7 /* AppDelegate.swift in Sources */,
				4ADC5E8A2170DC7B00CA8924 /* OracaoRow.swift in Sources */,
			);
			runOnlyForDeploymentPostprocessing = 0;
		};
		6EFB50142132157600F113F7 /* Sources */ = {
			isa = PBXSourcesBuildPhase;
			buildActionMask = 2147483647;
			files = (
				6EFB501D2132157600F113F7 /* catolicoTests.swift in Sources */,
			);
			runOnlyForDeploymentPostprocessing = 0;
		};
		6EFB501F2132157600F113F7 /* Sources */ = {
			isa = PBXSourcesBuildPhase;
			buildActionMask = 2147483647;
			files = (
				6EFB50282132157600F113F7 /* catolicoUITests.swift in Sources */,
			);
			runOnlyForDeploymentPostprocessing = 0;
		};
/* End PBXSourcesBuildPhase section */

/* Begin PBXTargetDependency section */
		6EFB501A2132157600F113F7 /* PBXTargetDependency */ = {
			isa = PBXTargetDependency;
			target = 6EFB50012132157300F113F7 /* catolico */;
			targetProxy = 6EFB50192132157600F113F7 /* PBXContainerItemProxy */;
		};
		6EFB50252132157600F113F7 /* PBXTargetDependency */ = {
			isa = PBXTargetDependency;
			target = 6EFB50012132157300F113F7 /* catolico */;
			targetProxy = 6EFB50242132157600F113F7 /* PBXContainerItemProxy */;
		};
/* End PBXTargetDependency section */

/* Begin PBXVariantGroup section */
		6EFB500B2132157300F113F7 /* Main.storyboard */ = {
			isa = PBXVariantGroup;
			children = (
				6EFB500C2132157300F113F7 /* Base */,
			);
			name = Main.storyboard;
			sourceTree = "<group>";
		};
		6EFB50102132157600F113F7 /* LaunchScreen.storyboard */ = {
			isa = PBXVariantGroup;
			children = (
				6EFB50112132157600F113F7 /* Base */,
			);
			name = LaunchScreen.storyboard;
			sourceTree = "<group>";
		};
/* End PBXVariantGroup section */

/* Begin XCBuildConfiguration section */
		6EFB502A2132157600F113F7 /* Debug */ = {
			isa = XCBuildConfiguration;
			buildSettings = {
				ALWAYS_SEARCH_USER_PATHS = NO;
				CLANG_ANALYZER_NONNULL = YES;
				CLANG_ANALYZER_NUMBER_OBJECT_CONVERSION = YES_AGGRESSIVE;
				CLANG_CXX_LANGUAGE_STANDARD = "gnu++14";
				CLANG_CXX_LIBRARY = "libc++";
				CLANG_ENABLE_MODULES = YES;
				CLANG_ENABLE_OBJC_ARC = YES;
				CLANG_ENABLE_OBJC_WEAK = YES;
				CLANG_WARN_BLOCK_CAPTURE_AUTORELEASING = YES;
				CLANG_WARN_BOOL_CONVERSION = YES;
				CLANG_WARN_COMMA = YES;
				CLANG_WARN_CONSTANT_CONVERSION = YES;
				CLANG_WARN_DEPRECATED_OBJC_IMPLEMENTATIONS = YES;
				CLANG_WARN_DIRECT_OBJC_ISA_USAGE = YES_ERROR;
				CLANG_WARN_DOCUMENTATION_COMMENTS = YES;
				CLANG_WARN_EMPTY_BODY = YES;
				CLANG_WARN_ENUM_CONVERSION = YES;
				CLANG_WARN_INFINITE_RECURSION = YES;
				CLANG_WARN_INT_CONVERSION = YES;
				CLANG_WARN_NON_LITERAL_NULL_CONVERSION = YES;
				CLANG_WARN_OBJC_IMPLICIT_RETAIN_SELF = YES;
				CLANG_WARN_OBJC_LITERAL_CONVERSION = YES;
				CLANG_WARN_OBJC_ROOT_CLASS = YES_ERROR;
				CLANG_WARN_RANGE_LOOP_ANALYSIS = YES;
				CLANG_WARN_STRICT_PROTOTYPES = YES;
				CLANG_WARN_SUSPICIOUS_MOVE = YES;
				CLANG_WARN_UNGUARDED_AVAILABILITY = YES_AGGRESSIVE;
				CLANG_WARN_UNREACHABLE_CODE = YES;
				CLANG_WARN__DUPLICATE_METHOD_MATCH = YES;
				CODE_SIGN_IDENTITY = "iPhone Developer";
				COPY_PHASE_STRIP = NO;
				DEBUG_INFORMATION_FORMAT = dwarf;
				ENABLE_STRICT_OBJC_MSGSEND = YES;
				ENABLE_TESTABILITY = YES;
				GCC_C_LANGUAGE_STANDARD = gnu11;
				GCC_DYNAMIC_NO_PIC = NO;
				GCC_NO_COMMON_BLOCKS = YES;
				GCC_OPTIMIZATION_LEVEL = 0;
				GCC_PREPROCESSOR_DEFINITIONS = (
					"DEBUG=1",
					"$(inherited)",
				);
				GCC_WARN_64_TO_32_BIT_CONVERSION = YES;
				GCC_WARN_ABOUT_RETURN_TYPE = YES_ERROR;
				GCC_WARN_UNDECLARED_SELECTOR = YES;
				GCC_WARN_UNINITIALIZED_AUTOS = YES_AGGRESSIVE;
				GCC_WARN_UNUSED_FUNCTION = YES;
				GCC_WARN_UNUSED_VARIABLE = YES;
				IPHONEOS_DEPLOYMENT_TARGET = 11.4;
				MTL_ENABLE_DEBUG_INFO = YES;
				ONLY_ACTIVE_ARCH = YES;
				SDKROOT = iphoneos;
				SWIFT_ACTIVE_COMPILATION_CONDITIONS = DEBUG;
				SWIFT_OPTIMIZATION_LEVEL = "-Onone";
			};
			name = Debug;
		};
		6EFB502B2132157600F113F7 /* Release */ = {
			isa = XCBuildConfiguration;
			buildSettings = {
				ALWAYS_SEARCH_USER_PATHS = NO;
				CLANG_ANALYZER_NONNULL = YES;
				CLANG_ANALYZER_NUMBER_OBJECT_CONVERSION = YES_AGGRESSIVE;
				CLANG_CXX_LANGUAGE_STANDARD = "gnu++14";
				CLANG_CXX_LIBRARY = "libc++";
				CLANG_ENABLE_MODULES = YES;
				CLANG_ENABLE_OBJC_ARC = YES;
				CLANG_ENABLE_OBJC_WEAK = YES;
				CLANG_WARN_BLOCK_CAPTURE_AUTORELEASING = YES;
				CLANG_WARN_BOOL_CONVERSION = YES;
				CLANG_WARN_COMMA = YES;
				CLANG_WARN_CONSTANT_CONVERSION = YES;
				CLANG_WARN_DEPRECATED_OBJC_IMPLEMENTATIONS = YES;
				CLANG_WARN_DIRECT_OBJC_ISA_USAGE = YES_ERROR;
				CLANG_WARN_DOCUMENTATION_COMMENTS = YES;
				CLANG_WARN_EMPTY_BODY = YES;
				CLANG_WARN_ENUM_CONVERSION = YES;
				CLANG_WARN_INFINITE_RECURSION = YES;
				CLANG_WARN_INT_CONVERSION = YES;
				CLANG_WARN_NON_LITERAL_NULL_CONVERSION = YES;
				CLANG_WARN_OBJC_IMPLICIT_RETAIN_SELF = YES;
				CLANG_WARN_OBJC_LITERAL_CONVERSION = YES;
				CLANG_WARN_OBJC_ROOT_CLASS = YES_ERROR;
				CLANG_WARN_RANGE_LOOP_ANALYSIS = YES;
				CLANG_WARN_STRICT_PROTOTYPES = YES;
				CLANG_WARN_SUSPICIOUS_MOVE = YES;
				CLANG_WARN_UNGUARDED_AVAILABILITY = YES_AGGRESSIVE;
				CLANG_WARN_UNREACHABLE_CODE = YES;
				CLANG_WARN__DUPLICATE_METHOD_MATCH = YES;
				CODE_SIGN_IDENTITY = "iPhone Developer";
				COPY_PHASE_STRIP = NO;
				DEBUG_INFORMATION_FORMAT = "dwarf-with-dsym";
				ENABLE_NS_ASSERTIONS = NO;
				ENABLE_STRICT_OBJC_MSGSEND = YES;
				GCC_C_LANGUAGE_STANDARD = gnu11;
				GCC_NO_COMMON_BLOCKS = YES;
				GCC_WARN_64_TO_32_BIT_CONVERSION = YES;
				GCC_WARN_ABOUT_RETURN_TYPE = YES_ERROR;
				GCC_WARN_UNDECLARED_SELECTOR = YES;
				GCC_WARN_UNINITIALIZED_AUTOS = YES_AGGRESSIVE;
				GCC_WARN_UNUSED_FUNCTION = YES;
				GCC_WARN_UNUSED_VARIABLE = YES;
				IPHONEOS_DEPLOYMENT_TARGET = 11.4;
				MTL_ENABLE_DEBUG_INFO = NO;
				SDKROOT = iphoneos;
				SWIFT_COMPILATION_MODE = wholemodule;
				SWIFT_OPTIMIZATION_LEVEL = "-O";
				VALIDATE_PRODUCT = YES;
			};
			name = Release;
		};
		6EFB502D2132157600F113F7 /* Debug */ = {
			isa = XCBuildConfiguration;
			baseConfigurationReference = 40004CDDDA61E0F55ABF39BA /* Pods-catolico.debug.xcconfig */;
			buildSettings = {
				ASSETCATALOG_COMPILER_APPICON_NAME = AppIcon;
				CODE_SIGN_STYLE = Automatic;
				DEVELOPMENT_TEAM = ZP825YU453;
				INFOPLIST_FILE = catolico/Info.plist;
				LD_RUNPATH_SEARCH_PATHS = (
					"$(inherited)",
					"@executable_path/Frameworks",
				);
				PRODUCT_BUNDLE_IDENTIFIER = rz.com.catolico;
				PRODUCT_NAME = "$(TARGET_NAME)";
				SWIFT_VERSION = 4.2;
				TARGETED_DEVICE_FAMILY = "1,2";
			};
			name = Debug;
		};
		6EFB502E2132157600F113F7 /* Release */ = {
			isa = XCBuildConfiguration;
			baseConfigurationReference = 33F78C1C85C2E19787821531 /* Pods-catolico.release.xcconfig */;
			buildSettings = {
				ASSETCATALOG_COMPILER_APPICON_NAME = AppIcon;
				CODE_SIGN_STYLE = Automatic;
				DEVELOPMENT_TEAM = ZP825YU453;
				INFOPLIST_FILE = catolico/Info.plist;
				LD_RUNPATH_SEARCH_PATHS = (
					"$(inherited)",
					"@executable_path/Frameworks",
				);
				PRODUCT_BUNDLE_IDENTIFIER = rz.com.catolico;
				PRODUCT_NAME = "$(TARGET_NAME)";
				SWIFT_VERSION = 4.2;
				TARGETED_DEVICE_FAMILY = "1,2";
			};
			name = Release;
		};
		6EFB50302132157600F113F7 /* Debug */ = {
			isa = XCBuildConfiguration;
			buildSettings = {
				ALWAYS_EMBED_SWIFT_STANDARD_LIBRARIES = YES;
				BUNDLE_LOADER = "$(TEST_HOST)";
				CODE_SIGN_STYLE = Automatic;
				DEVELOPMENT_TEAM = ZP825YU453;
				INFOPLIST_FILE = catolicoTests/Info.plist;
				LD_RUNPATH_SEARCH_PATHS = (
					"$(inherited)",
					"@executable_path/Frameworks",
					"@loader_path/Frameworks",
				);
				PRODUCT_BUNDLE_IDENTIFIER = rz.com.catolicoTests;
				PRODUCT_NAME = "$(TARGET_NAME)";
				SWIFT_VERSION = 4.2;
				TARGETED_DEVICE_FAMILY = "1,2";
				TEST_HOST = "$(BUILT_PRODUCTS_DIR)/catolico.app/catolico";
			};
			name = Debug;
		};
		6EFB50312132157600F113F7 /* Release */ = {
			isa = XCBuildConfiguration;
			buildSettings = {
				ALWAYS_EMBED_SWIFT_STANDARD_LIBRARIES = YES;
				BUNDLE_LOADER = "$(TEST_HOST)";
				CODE_SIGN_STYLE = Automatic;
				DEVELOPMENT_TEAM = ZP825YU453;
				INFOPLIST_FILE = catolicoTests/Info.plist;
				LD_RUNPATH_SEARCH_PATHS = (
					"$(inherited)",
					"@executable_path/Frameworks",
					"@loader_path/Frameworks",
				);
				PRODUCT_BUNDLE_IDENTIFIER = rz.com.catolicoTests;
				PRODUCT_NAME = "$(TARGET_NAME)";
				SWIFT_VERSION = 4.2;
				TARGETED_DEVICE_FAMILY = "1,2";
				TEST_HOST = "$(BUILT_PRODUCTS_DIR)/catolico.app/catolico";
			};
			name = Release;
		};
		6EFB50332132157600F113F7 /* Debug */ = {
			isa = XCBuildConfiguration;
			buildSettings = {
				ALWAYS_EMBED_SWIFT_STANDARD_LIBRARIES = YES;
				CODE_SIGN_STYLE = Automatic;
				DEVELOPMENT_TEAM = ZP825YU453;
				INFOPLIST_FILE = catolicoUITests/Info.plist;
				LD_RUNPATH_SEARCH_PATHS = (
					"$(inherited)",
					"@executable_path/Frameworks",
					"@loader_path/Frameworks",
				);
				PRODUCT_BUNDLE_IDENTIFIER = rz.com.catolicoUITests;
				PRODUCT_NAME = "$(TARGET_NAME)";
				SWIFT_VERSION = 4.2;
				TARGETED_DEVICE_FAMILY = "1,2";
				TEST_TARGET_NAME = catolico;
			};
			name = Debug;
		};
		6EFB50342132157600F113F7 /* Release */ = {
			isa = XCBuildConfiguration;
			buildSettings = {
				ALWAYS_EMBED_SWIFT_STANDARD_LIBRARIES = YES;
				CODE_SIGN_STYLE = Automatic;
				DEVELOPMENT_TEAM = ZP825YU453;
				INFOPLIST_FILE = catolicoUITests/Info.plist;
				LD_RUNPATH_SEARCH_PATHS = (
					"$(inherited)",
					"@executable_path/Frameworks",
					"@loader_path/Frameworks",
				);
				PRODUCT_BUNDLE_IDENTIFIER = rz.com.catolicoUITests;
				PRODUCT_NAME = "$(TARGET_NAME)";
				SWIFT_VERSION = 4.2;
				TARGETED_DEVICE_FAMILY = "1,2";
				TEST_TARGET_NAME = catolico;
			};
			name = Release;
		};
/* End XCBuildConfiguration section */

/* Begin XCConfigurationList section */
		6EFB4FFD2132157200F113F7 /* Build configuration list for PBXProject "catolico" */ = {
			isa = XCConfigurationList;
			buildConfigurations = (
				6EFB502A2132157600F113F7 /* Debug */,
				6EFB502B2132157600F113F7 /* Release */,
			);
			defaultConfigurationIsVisible = 0;
			defaultConfigurationName = Release;
		};
		6EFB502C2132157600F113F7 /* Build configuration list for PBXNativeTarget "catolico" */ = {
			isa = XCConfigurationList;
			buildConfigurations = (
				6EFB502D2132157600F113F7 /* Debug */,
				6EFB502E2132157600F113F7 /* Release */,
			);
			defaultConfigurationIsVisible = 0;
			defaultConfigurationName = Release;
		};
		6EFB502F2132157600F113F7 /* Build configuration list for PBXNativeTarget "catolicoTests" */ = {
			isa = XCConfigurationList;
			buildConfigurations = (
				6EFB50302132157600F113F7 /* Debug */,
				6EFB50312132157600F113F7 /* Release */,
			);
			defaultConfigurationIsVisible = 0;
			defaultConfigurationName = Release;
		};
		6EFB50322132157600F113F7 /* Build configuration list for PBXNativeTarget "catolicoUITests" */ = {
			isa = XCConfigurationList;
			buildConfigurations = (
				6EFB50332132157600F113F7 /* Debug */,
				6EFB50342132157600F113F7 /* Release */,
			);
			defaultConfigurationIsVisible = 0;
			defaultConfigurationName = Release;
		};
/* End XCConfigurationList section */
	};
	rootObject = 6EFB4FFA2132157200F113F7 /* Project object */;
}
